// !$*UTF8*$!
{
	archiveVersion = 1;
	classes = {
	};
	objectVersion = 46;
	objects = {

/* Begin PBXBuildFile section */
		155A1F3D1CB15FAD0043402E /* main.m in Sources */ = {isa = PBXBuildFile; fileRef = 155A1F3C1CB15FAD0043402E /* main.m */; };
		155A1F451CB1603F0043402E /* Button.m in Sources */ = {isa = PBXBuildFile; fileRef = 155A1F441CB1603F0043402E /* Button.m */; };
		155A1F481CB163030043402E /* ButtonListener.m in Sources */ = {isa = PBXBuildFile; fileRef = 155A1F471CB163030043402E /* ButtonListener.m */; };
/* End PBXBuildFile section */

/* Begin PBXCopyFilesBuildPhase section */
		155A1F371CB15FAD0043402E /* CopyFiles */ = {
			isa = PBXCopyFilesBuildPhase;
			buildActionMask = 2147483647;
			dstPath = /usr/share/man/man1/;
			dstSubfolderSpec = 0;
			files = (
			);
			runOnlyForDeploymentPostprocessing = 1;
		};
/* End PBXCopyFilesBuildPhase section */

/* Begin PBXFileReference section */
		155A1F391CB15FAD0043402E /* Protocol */ = {isa = PBXFileReference; explicitFileType = "compiled.mach-o.executable"; includeInIndex = 0; path = Protocol; sourceTree = BUILT_PRODUCTS_DIR; };
		155A1F3C1CB15FAD0043402E /* main.m */ = {isa = PBXFileReference; lastKnownFileType = sourcecode.c.objc; path = main.m; sourceTree = "<group>"; };
		155A1F431CB1603F0043402E /* Button.h */ = {isa = PBXFileReference; fileEncoding = 4; lastKnownFileType = sourcecode.c.h; name = Button.h; path = ../Button.h; sourceTree = "<group>"; };
		155A1F441CB1603F0043402E /* Button.m */ = {isa = PBXFileReference; fileEncoding = 4; lastKnownFileType = sourcecode.c.objc; name = Button.m; path = ../Button.m; sourceTree = "<group>"; };
		155A1F461CB163030043402E /* ButtonListener.h */ = {isa = PBXFileReference; fileEncoding = 4; lastKnownFileType = sourcecode.c.h; path = ButtonListener.h; sourceTree = "<group>"; };
		155A1F471CB163030043402E /* ButtonListener.m */ = {isa = PBXFileReference; fileEncoding = 4; lastKnownFileType = sourcecode.c.objc; path = ButtonListener.m; sourceTree = "<group>"; };
/* End PBXFileReference section */

/* Begin PBXFrameworksBuildPhase section */
		155A1F361CB15FAD0043402E /* Frameworks */ = {
			isa = PBXFrameworksBuildPhase;
			buildActionMask = 2147483647;
			files = (
			);
			runOnlyForDeploymentPostprocessing = 0;
		};
/* End PBXFrameworksBuildPhase section */

/* Begin PBXGroup section */
		155A1F301CB15FAD0043402E = {
			isa = PBXGroup;
			children = (
				155A1F3B1CB15FAD0043402E /* Protocol */,
				155A1F3A1CB15FAD0043402E /* Products */,
			);
			sourceTree = "<group>";
		};
		155A1F3A1CB15FAD0043402E /* Products */ = {
			isa = PBXGroup;
			children = (
				155A1F391CB15FAD0043402E /* Protocol */,
			);
			name = Products;
			sourceTree = "<group>";
		};
		155A1F3B1CB15FAD0043402E /* Protocol */ = {
			isa = PBXGroup;
			children = (
				155A1F461CB163030043402E /* ButtonListener.h */,
				155A1F471CB163030043402E /* ButtonListener.m */,
				155A1F431CB1603F0043402E /* Button.h */,
				155A1F441CB1603F0043402E /* Button.m */,
				155A1F3C1CB15FAD0043402E /* main.m */,
			);
			path = Protocol;
			sourceTree = "<group>";
		};
/* End PBXGroup section */

/* Begin PBXNativeTarget section */
		155A1F381CB15FAD0043402E /* Protocol */ = {
			isa = PBXNativeTarget;
			buildConfigurationList = 155A1F401CB15FAD0043402E /* Build configuration list for PBXNativeTarget "Protocol" */;
			buildPhases = (
				155A1F351CB15FAD0043402E /* Sources */,
				155A1F361CB15FAD0043402E /* Frameworks */,
				155A1F371CB15FAD0043402E /* CopyFiles */,
			);
			buildRules = (
			);
			dependencies = (
			);
			name = Protocol;
			productName = Protocol;
			productReference = 155A1F391CB15FAD0043402E /* Protocol */;
			productType = "com.apple.product-type.tool";
		};
/* End PBXNativeTarget section */

/* Begin PBXProject section */
		155A1F311CB15FAD0043402E /* Project object */ = {
			isa = PBXProject;
			attributes = {
				LastUpgradeCheck = 0730;
				ORGANIZATIONNAME = YihangDing;
				TargetAttributes = {
					155A1F381CB15FAD0043402E = {
						CreatedOnToolsVersion = 7.3;
					};
				};
			};
			buildConfigurationList = 155A1F341CB15FAD0043402E /* Build configuration list for PBXProject "Protocol" */;
			compatibilityVersion = "Xcode 3.2";
			developmentRegion = English;
			hasScannedForEncodings = 0;
			knownRegions = (
				en,
			);
			mainGroup = 155A1F301CB15FAD0043402E;
			productRefGroup = 155A1F3A1CB15FAD0043402E /* Products */;
			projectDirPath = "";
			projectRoot = "";
			targets = (
				155A1F381CB15FAD0043402E /* Protocol */,
			);
		};
/* End PBXProject section */

/* Begin PBXSourcesBuildPhase section */
		155A1F351CB15FAD0043402E /* Sources */ = {
			isa = PBXSourcesBuildPhase;
			buildActionMask = 2147483647;
			files = (
				155A1F3D1CB15FAD0043402E /* main.m in Sources */,
				155A1F451CB1603F0043402E /* Button.m in Sources */,
				155A1F481CB163030043402E /* ButtonListener.m in Sources */,
			);
			runOnlyForDeploymentPostprocessing = 0;
		};
/* End PBXSourcesBuildPhase section */

/* Begin XCBuildConfiguration section */
		155A1F3E1CB15FAD0043402E /* Debug */ = {
			isa = XCBuildConfiguration;
			buildSettings = {
				ALWAYS_SEARCH_USER_PATHS = NO;
				CLANG_ANALYZER_NONNULL = YES;
				CLANG_CXX_LANGUAGE_STANDARD = "gnu++0x";
				CLANG_CXX_LIBRARY = "libc++";
				CLANG_ENABLE_MODULES = YES;
				CLANG_ENABLE_OBJC_ARC = YES;
				CLANG_WARN_BOOL_CONVERSION = YES;
				CLANG_WARN_CONSTANT_CONVERSION = YES;
				CLANG_WARN_DIRECT_OBJC_ISA_USAGE = YES_ERROR;
				CLANG_WARN_EMPTY_BODY = YES;
				CLANG_WARN_ENUM_CONVERSION = YES;
				CLANG_WARN_INT_CONVERSION = YES;
				CLANG_WARN_OBJC_ROOT_CLASS = YES_ERROR;
				CLANG_WARN_UNREACHABLE_CODE = YES;
				CLANG_WARN__DUPLICATE_METHOD_MATCH = YES;
				CODE_SIGN_IDENTITY = "-";
				COPY_PHASE_STRIP = NO;
				DEBUG_INFORMATION_FORMAT = dwarf;
				ENABLE_STRICT_OBJC_MSGSEND = YES;
				ENABLE_TESTABILITY = YES;
				GCC_C_LANGUAGE_STANDARD = gnu99;
				GCC_DYNAMIC_NO_PIC = NO;
				GCC_NO_COMMON_BLOCKS = YES;
				GCC_OPTIMIZATION_LEVEL = 0;
				GCC_PREPROCESSOR_DEFINITIONS = (
					"DEBUG=1",
					"$(inherited)",
				);
				GCC_WARN_64_TO_32_BIT_CONVERSION = YES;
				GCC_WARN_ABOUT_RETURN_TYPE = YES_ERROR;
				GCC_WARN_UNDECLARED_SELECTOR = YES;
				GCC_WARN_UNINITIALIZED_AUTOS = YES_AGGRESSIVE;
				GCC_WARN_UNUSED_FUNCTION = YES;
				GCC_WARN_UNUSED_VARIABLE = YES;
				MACOSX_DEPLOYMENT_TARGET = 10.11;
				MTL_ENABLE_DEBUG_INFO = YES;
				ONLY_ACTIVE_ARCH = YES;
				SDKROOT = macosx;
			};
			name = Debug;
		};
		155A1F3F1CB15FAD0043402E /* Release */ = {
			isa = XCBuildConfiguration;
			buildSettings = {
				ALWAYS_SEARCH_USER_PATHS = NO;
				CLANG_ANALYZER_NONNULL = YES;
				CLANG_CXX_LANGUAGE_STANDARD = "gnu++0x";
				CLANG_CXX_LIBRARY = "libc++";
				CLANG_ENABLE_MODULES = YES;
				CLANG_ENABLE_OBJC_ARC = YES;
				CLANG_WARN_BOOL_CONVERSION = YES;
				CLANG_WARN_CONSTANT_CONVERSION = YES;
				CLANG_WARN_DIRECT_OBJC_ISA_USAGE = YES_ERROR;
				CLANG_WARN_EMPTY_BODY = YES;
				CLANG_WARN_ENUM_CONVERSION = YES;
				CLANG_WARN_INT_CONVERSION = YES;
				CLANG_WARN_OBJC_ROOT_CLASS = YES_ERROR;
				CLANG_WARN_UNREACHABLE_CODE = YES;
				CLANG_WARN__DUPLICATE_METHOD_MATCH = YES;
				CODE_SIGN_IDENTITY = "-";
				COPY_PHASE_STRIP = NO;
				DEBUG_INFORMATION_FORMAT = "dwarf-with-dsym";
				ENABLE_NS_ASSERTIONS = NO;
				ENABLE_STRICT_OBJC_MSGSEND = YES;
				GCC_C_LANGUAGE_STANDARD = gnu99;
				GCC_NO_COMMON_BLOCKS = YES;
				GCC_WARN_64_TO_32_BIT_CONVERSION = YES;
				GCC_WARN_ABOUT_RETURN_TYPE = YES_ERROR;
				GCC_WARN_UNDECLARED_SELECTOR = YES;
				GCC_WARN_UNINITIALIZED_AUTOS = YES_AGGRESSIVE;
				GCC_WARN_UNUSED_FUNCTION = YES;
				GCC_WARN_UNUSED_VARIABLE = YES;
				MACOSX_DEPLOYMENT_TARGET = 10.11;
				MTL_ENABLE_DEBUG_INFO = NO;
				SDKROOT = macosx;
			};
			name = Release;
		};
		155A1F411CB15FAD0043402E /* Debug */ = {
			isa = XCBuildConfiguration;
			buildSettings = {
				PRODUCT_NAME = "$(TARGET_NAME)";
			};
			name = Debug;
		};
		155A1F421CB15FAD0043402E /* Release */ = {
			isa = XCBuildConfiguration;
			buildSettings = {
				PRODUCT_NAME = "$(TARGET_NAME)";
			};
			name = Release;
		};
/* End XCBuildConfiguration section */

/* Begin XCConfigurationList section */
		155A1F341CB15FAD0043402E /* Build configuration list for PBXProject "Protocol" */ = {
			isa = XCConfigurationList;
			buildConfigurations = (
				155A1F3E1CB15FAD0043402E /* Debug */,
				155A1F3F1CB15FAD0043402E /* Release */,
			);
			defaultConfigurationIsVisible = 0;
			defaultConfigurationName = Release;
		};
		155A1F401CB15FAD0043402E /* Build configuration list for PBXNativeTarget "Protocol" */ = {
			isa = XCConfigurationList;
			buildConfigurations = (
				155A1F411CB15FAD0043402E /* Debug */,
				155A1F421CB15FAD0043402E /* Release */,
			);
			defaultConfigurationIsVisible = 0;
		};
/* End XCConfigurationList section */
	};
	rootObject = 155A1F311CB15FAD0043402E /* Project object */;
}
