// !$*UTF8*$!
{
	archiveVersion = 1;
	classes = {
	};
	objectVersion = 46;
	objects = {

/* Begin PBXBuildFile section */
		150E5AC71CC4C133006CE46C /* main.m in Sources */ = {isa = PBXBuildFile; fileRef = 150E5AC61CC4C133006CE46C /* main.m */; };
		150E5ACA1CC4C133006CE46C /* AppDelegate.m in Sources */ = {isa = PBXBuildFile; fileRef = 150E5AC91CC4C133006CE46C /* AppDelegate.m */; };
		150E5ACC1CC4C133006CE46C /* ToDoList-Prefix.pch in Resources */ = {isa = PBXBuildFile; fileRef = 150E5ACB1CC4C133006CE46C /* ToDoList-Prefix.pch */; };
		150E5ACE1CC4C133006CE46C /* Assets.xcassets in Resources */ = {isa = PBXBuildFile; fileRef = 150E5ACD1CC4C133006CE46C /* Assets.xcassets */; };
		150E5AD11CC4C133006CE46C /* LaunchScreen.storyboard in Resources */ = {isa = PBXBuildFile; fileRef = 150E5ACF1CC4C133006CE46C /* LaunchScreen.storyboard */; };
		150E5ADC1CC4C133006CE46C /* ToDoListTests.m in Sources */ = {isa = PBXBuildFile; fileRef = 150E5ADB1CC4C133006CE46C /* ToDoListTests.m */; };
		150E5AE71CC4C133006CE46C /* ToDoListUITests.m in Sources */ = {isa = PBXBuildFile; fileRef = 150E5AE61CC4C133006CE46C /* ToDoListUITests.m */; };
		150E5AF51CC4C1E5006CE46C /* Main.storyboard in Resources */ = {isa = PBXBuildFile; fileRef = 150E5AF41CC4C1E5006CE46C /* Main.storyboard */; };
		150E5AF81CC76B60006CE46C /* AddToDoItemViewController.m in Sources */ = {isa = PBXBuildFile; fileRef = 150E5AF71CC76B60006CE46C /* AddToDoItemViewController.m */; };
		150E5AFE1CC76C6D006CE46C /* ToDoListTableViewController.m in Sources */ = {isa = PBXBuildFile; fileRef = 150E5AFD1CC76C6D006CE46C /* ToDoListTableViewController.m */; };
		150E5B011CC770BB006CE46C /* ToDoItem.m in Sources */ = {isa = PBXBuildFile; fileRef = 150E5B001CC770BB006CE46C /* ToDoItem.m */; };
/* End PBXBuildFile section */

/* Begin PBXContainerItemProxy section */
		150E5AD81CC4C133006CE46C /* PBXContainerItemProxy */ = {
			isa = PBXContainerItemProxy;
			containerPortal = 150E5ABA1CC4C133006CE46C /* Project object */;
			proxyType = 1;
			remoteGlobalIDString = 150E5AC11CC4C133006CE46C;
			remoteInfo = ToDoList;
		};
		150E5AE31CC4C133006CE46C /* PBXContainerItemProxy */ = {
			isa = PBXContainerItemProxy;
			containerPortal = 150E5ABA1CC4C133006CE46C /* Project object */;
			proxyType = 1;
			remoteGlobalIDString = 150E5AC11CC4C133006CE46C;
			remoteInfo = ToDoList;
		};
/* End PBXContainerItemProxy section */

/* Begin PBXFileReference section */
		150E5AC21CC4C133006CE46C /* ToDoList.app */ = {isa = PBXFileReference; explicitFileType = wrapper.application; includeInIndex = 0; path = ToDoList.app; sourceTree = BUILT_PRODUCTS_DIR; };
		150E5AC61CC4C133006CE46C /* main.m */ = {isa = PBXFileReference; lastKnownFileType = sourcecode.c.objc; path = main.m; sourceTree = "<group>"; };
		150E5AC81CC4C133006CE46C /* AppDelegate.h */ = {isa = PBXFileReference; lastKnownFileType = sourcecode.c.h; path = AppDelegate.h; sourceTree = "<group>"; };
		150E5AC91CC4C133006CE46C /* AppDelegate.m */ = {isa = PBXFileReference; lastKnownFileType = sourcecode.c.objc; path = AppDelegate.m; sourceTree = "<group>"; };
		150E5ACB1CC4C133006CE46C /* ToDoList-Prefix.pch */ = {isa = PBXFileReference; lastKnownFileType = sourcecode.c.h; path = "ToDoList-Prefix.pch"; sourceTree = "<group>"; };
		150E5ACD1CC4C133006CE46C /* Assets.xcassets */ = {isa = PBXFileReference; lastKnownFileType = folder.assetcatalog; path = Assets.xcassets; sourceTree = "<group>"; };
		150E5AD01CC4C133006CE46C /* Base */ = {isa = PBXFileReference; lastKnownFileType = file.storyboard; name = Base; path = Base.lproj/LaunchScreen.storyboard; sourceTree = "<group>"; };
		150E5AD21CC4C133006CE46C /* Info.plist */ = {isa = PBXFileReference; lastKnownFileType = text.plist.xml; path = Info.plist; sourceTree = "<group>"; };
		150E5AD71CC4C133006CE46C /* ToDoListTests.xctest */ = {isa = PBXFileReference; explicitFileType = wrapper.cfbundle; includeInIndex = 0; path = ToDoListTests.xctest; sourceTree = BUILT_PRODUCTS_DIR; };
		150E5ADB1CC4C133006CE46C /* ToDoListTests.m */ = {isa = PBXFileReference; lastKnownFileType = sourcecode.c.objc; path = ToDoListTests.m; sourceTree = "<group>"; };
		150E5ADD1CC4C133006CE46C /* Info.plist */ = {isa = PBXFileReference; lastKnownFileType = text.plist.xml; path = Info.plist; sourceTree = "<group>"; };
		150E5AE21CC4C133006CE46C /* ToDoListUITests.xctest */ = {isa = PBXFileReference; explicitFileType = wrapper.cfbundle; includeInIndex = 0; path = ToDoListUITests.xctest; sourceTree = BUILT_PRODUCTS_DIR; };
		150E5AE61CC4C133006CE46C /* ToDoListUITests.m */ = {isa = PBXFileReference; lastKnownFileType = sourcecode.c.objc; path = ToDoListUITests.m; sourceTree = "<group>"; };
		150E5AE81CC4C133006CE46C /* Info.plist */ = {isa = PBXFileReference; lastKnownFileType = text.plist.xml; path = Info.plist; sourceTree = "<group>"; };
		150E5AF41CC4C1E5006CE46C /* Main.storyboard */ = {isa = PBXFileReference; fileEncoding = 4; lastKnownFileType = file.storyboard; path = Main.storyboard; sourceTree = "<group>"; };
		150E5AF61CC76B60006CE46C /* AddToDoItemViewController.h */ = {isa = PBXFileReference; fileEncoding = 4; lastKnownFileType = sourcecode.c.h; path = AddToDoItemViewController.h; sourceTree = "<group>"; };
		150E5AF71CC76B60006CE46C /* AddToDoItemViewController.m */ = {isa = PBXFileReference; fileEncoding = 4; lastKnownFileType = sourcecode.c.objc; path = AddToDoItemViewController.m; sourceTree = "<group>"; };
		150E5AFC1CC76C6D006CE46C /* ToDoListTableViewController.h */ = {isa = PBXFileReference; fileEncoding = 4; lastKnownFileType = sourcecode.c.h; path = ToDoListTableViewController.h; sourceTree = SOURCE_ROOT; };
		150E5AFD1CC76C6D006CE46C /* ToDoListTableViewController.m */ = {isa = PBXFileReference; fileEncoding = 4; lastKnownFileType = sourcecode.c.objc; path = ToDoListTableViewController.m; sourceTree = SOURCE_ROOT; };
		150E5AFF1CC770BB006CE46C /* ToDoItem.h */ = {isa = PBXFileReference; fileEncoding = 4; lastKnownFileType = sourcecode.c.h; path = ToDoItem.h; sourceTree = "<group>"; };
		150E5B001CC770BB006CE46C /* ToDoItem.m */ = {isa = PBXFileReference; fileEncoding = 4; lastKnownFileType = sourcecode.c.objc; path = ToDoItem.m; sourceTree = "<group>"; };
/* End PBXFileReference section */

/* Begin PBXFrameworksBuildPhase section */
		150E5ABF1CC4C133006CE46C /* Frameworks */ = {
			isa = PBXFrameworksBuildPhase;
			buildActionMask = 2147483647;
			files = (
			);
			runOnlyForDeploymentPostprocessing = 0;
		};
		150E5AD41CC4C133006CE46C /* Frameworks */ = {
			isa = PBXFrameworksBuildPhase;
			buildActionMask = 2147483647;
			files = (
			);
			runOnlyForDeploymentPostprocessing = 0;
		};
		150E5ADF1CC4C133006CE46C /* Frameworks */ = {
			isa = PBXFrameworksBuildPhase;
			buildActionMask = 2147483647;
			files = (
			);
			runOnlyForDeploymentPostprocessing = 0;
		};
/* End PBXFrameworksBuildPhase section */

/* Begin PBXGroup section */
		150E5AB91CC4C133006CE46C = {
			isa = PBXGroup;
			children = (
				150E5AC41CC4C133006CE46C /* ToDoList */,
				150E5ADA1CC4C133006CE46C /* ToDoListTests */,
				150E5AE51CC4C133006CE46C /* ToDoListUITests */,
				150E5AC31CC4C133006CE46C /* Products */,
			);
			sourceTree = "<group>";
		};
		150E5AC31CC4C133006CE46C /* Products */ = {
			isa = PBXGroup;
			children = (
				150E5AC21CC4C133006CE46C /* ToDoList.app */,
				150E5AD71CC4C133006CE46C /* ToDoListTests.xctest */,
				150E5AE21CC4C133006CE46C /* ToDoListUITests.xctest */,
			);
			name = Products;
			sourceTree = "<group>";
		};
		150E5AC41CC4C133006CE46C /* ToDoList */ = {
			isa = PBXGroup;
			children = (
				150E5AC81CC4C133006CE46C /* AppDelegate.h */,
				150E5AC91CC4C133006CE46C /* AppDelegate.m */,
				150E5AF41CC4C1E5006CE46C /* Main.storyboard */,
				150E5AFF1CC770BB006CE46C /* ToDoItem.h */,
				150E5B001CC770BB006CE46C /* ToDoItem.m */,
				150E5AFC1CC76C6D006CE46C /* ToDoListTableViewController.h */,
				150E5AFD1CC76C6D006CE46C /* ToDoListTableViewController.m */,
				150E5AF61CC76B60006CE46C /* AddToDoItemViewController.h */,
				150E5AF71CC76B60006CE46C /* AddToDoItemViewController.m */,
				150E5ACB1CC4C133006CE46C /* ToDoList-Prefix.pch */,
				150E5ACD1CC4C133006CE46C /* Assets.xcassets */,
				150E5ACF1CC4C133006CE46C /* LaunchScreen.storyboard */,
				150E5AD21CC4C133006CE46C /* Info.plist */,
				150E5AC51CC4C133006CE46C /* Supporting Files */,
			);
			path = ToDoList;
			sourceTree = "<group>";
		};
		150E5AC51CC4C133006CE46C /* Supporting Files */ = {
			isa = PBXGroup;
			children = (
				150E5AC61CC4C133006CE46C /* main.m */,
			);
			name = "Supporting Files";
			sourceTree = "<group>";
		};
		150E5ADA1CC4C133006CE46C /* ToDoListTests */ = {
			isa = PBXGroup;
			children = (
				150E5ADB1CC4C133006CE46C /* ToDoListTests.m */,
				150E5ADD1CC4C133006CE46C /* Info.plist */,
			);
			path = ToDoListTests;
			sourceTree = "<group>";
		};
		150E5AE51CC4C133006CE46C /* ToDoListUITests */ = {
			isa = PBXGroup;
			children = (
				150E5AE61CC4C133006CE46C /* ToDoListUITests.m */,
				150E5AE81CC4C133006CE46C /* Info.plist */,
			);
			path = ToDoListUITests;
			sourceTree = "<group>";
		};
/* End PBXGroup section */

/* Begin PBXNativeTarget section */
		150E5AC11CC4C133006CE46C /* ToDoList */ = {
			isa = PBXNativeTarget;
			buildConfigurationList = 150E5AEB1CC4C133006CE46C /* Build configuration list for PBXNativeTarget "ToDoList" */;
			buildPhases = (
				150E5ABE1CC4C133006CE46C /* Sources */,
				150E5ABF1CC4C133006CE46C /* Frameworks */,
				150E5AC01CC4C133006CE46C /* Resources */,
			);
			buildRules = (
			);
			dependencies = (
			);
			name = ToDoList;
			productName = ToDoList;
			productReference = 150E5AC21CC4C133006CE46C /* ToDoList.app */;
			productType = "com.apple.product-type.application";
		};
		150E5AD61CC4C133006CE46C /* ToDoListTests */ = {
			isa = PBXNativeTarget;
			buildConfigurationList = 150E5AEE1CC4C133006CE46C /* Build configuration list for PBXNativeTarget "ToDoListTests" */;
			buildPhases = (
				150E5AD31CC4C133006CE46C /* Sources */,
				150E5AD41CC4C133006CE46C /* Frameworks */,
				150E5AD51CC4C133006CE46C /* Resources */,
			);
			buildRules = (
			);
			dependencies = (
				150E5AD91CC4C133006CE46C /* PBXTargetDependency */,
			);
			name = ToDoListTests;
			productName = ToDoListTests;
			productReference = 150E5AD71CC4C133006CE46C /* ToDoListTests.xctest */;
			productType = "com.apple.product-type.bundle.unit-test";
		};
		150E5AE11CC4C133006CE46C /* ToDoListUITests */ = {
			isa = PBXNativeTarget;
			buildConfigurationList = 150E5AF11CC4C133006CE46C /* Build configuration list for PBXNativeTarget "ToDoListUITests" */;
			buildPhases = (
				150E5ADE1CC4C133006CE46C /* Sources */,
				150E5ADF1CC4C133006CE46C /* Frameworks */,
				150E5AE01CC4C133006CE46C /* Resources */,
			);
			buildRules = (
			);
			dependencies = (
				150E5AE41CC4C133006CE46C /* PBXTargetDependency */,
			);
			name = ToDoListUITests;
			productName = ToDoListUITests;
			productReference = 150E5AE21CC4C133006CE46C /* ToDoListUITests.xctest */;
			productType = "com.apple.product-type.bundle.ui-testing";
		};
/* End PBXNativeTarget section */

/* Begin PBXProject section */
		150E5ABA1CC4C133006CE46C /* Project object */ = {
			isa = PBXProject;
			attributes = {
				LastUpgradeCheck = 0730;
				ORGANIZATIONNAME = YihangDing;
				TargetAttributes = {
					150E5AC11CC4C133006CE46C = {
						CreatedOnToolsVersion = 7.3;
						DevelopmentTeam = VXPRR88SZP;
					};
					150E5AD61CC4C133006CE46C = {
						CreatedOnToolsVersion = 7.3;
						DevelopmentTeam = VXPRR88SZP;
						TestTargetID = 150E5AC11CC4C133006CE46C;
					};
					150E5AE11CC4C133006CE46C = {
						CreatedOnToolsVersion = 7.3;
						DevelopmentTeam = VXPRR88SZP;
						TestTargetID = 150E5AC11CC4C133006CE46C;
					};
				};
			};
			buildConfigurationList = 150E5ABD1CC4C133006CE46C /* Build configuration list for PBXProject "ToDoList" */;
			compatibilityVersion = "Xcode 3.2";
			developmentRegion = English;
			hasScannedForEncodings = 0;
			knownRegions = (
				en,
				Base,
			);
			mainGroup = 150E5AB91CC4C133006CE46C;
			productRefGroup = 150E5AC31CC4C133006CE46C /* Products */;
			projectDirPath = "";
			projectRoot = "";
			targets = (
				150E5AC11CC4C133006CE46C /* ToDoList */,
				150E5AD61CC4C133006CE46C /* ToDoListTests */,
				150E5AE11CC4C133006CE46C /* ToDoListUITests */,
			);
		};
/* End PBXProject section */

/* Begin PBXResourcesBuildPhase section */
		150E5AC01CC4C133006CE46C /* Resources */ = {
			isa = PBXResourcesBuildPhase;
			buildActionMask = 2147483647;
			files = (
				150E5AD11CC4C133006CE46C /* LaunchScreen.storyboard in Resources */,
				150E5ACE1CC4C133006CE46C /* Assets.xcassets in Resources */,
				150E5ACC1CC4C133006CE46C /* ToDoList-Prefix.pch in Resources */,
				150E5AF51CC4C1E5006CE46C /* Main.storyboard in Resources */,
			);
			runOnlyForDeploymentPostprocessing = 0;
		};
		150E5AD51CC4C133006CE46C /* Resources */ = {
			isa = PBXResourcesBuildPhase;
			buildActionMask = 2147483647;
			files = (
			);
			runOnlyForDeploymentPostprocessing = 0;
		};
		150E5AE01CC4C133006CE46C /* Resources */ = {
			isa = PBXResourcesBuildPhase;
			buildActionMask = 2147483647;
			files = (
			);
			runOnlyForDeploymentPostprocessing = 0;
		};
/* End PBXResourcesBuildPhase section */

/* Begin PBXSourcesBuildPhase section */
		150E5ABE1CC4C133006CE46C /* Sources */ = {
			isa = PBXSourcesBuildPhase;
			buildActionMask = 2147483647;
			files = (
				150E5ACA1CC4C133006CE46C /* AppDelegate.m in Sources */,
				150E5B011CC770BB006CE46C /* ToDoItem.m in Sources */,
				150E5AFE1CC76C6D006CE46C /* ToDoListTableViewController.m in Sources */,
				150E5AC71CC4C133006CE46C /* main.m in Sources */,
				150E5AF81CC76B60006CE46C /* AddToDoItemViewController.m in Sources */,
			);
			runOnlyForDeploymentPostprocessing = 0;
		};
		150E5AD31CC4C133006CE46C /* Sources */ = {
			isa = PBXSourcesBuildPhase;
			buildActionMask = 2147483647;
			files = (
				150E5ADC1CC4C133006CE46C /* ToDoListTests.m in Sources */,
			);
			runOnlyForDeploymentPostprocessing = 0;
		};
		150E5ADE1CC4C133006CE46C /* Sources */ = {
			isa = PBXSourcesBuildPhase;
			buildActionMask = 2147483647;
			files = (
				150E5AE71CC4C133006CE46C /* ToDoListUITests.m in Sources */,
			);
			runOnlyForDeploymentPostprocessing = 0;
		};
/* End PBXSourcesBuildPhase section */

/* Begin PBXTargetDependency section */
		150E5AD91CC4C133006CE46C /* PBXTargetDependency */ = {
			isa = PBXTargetDependency;
			target = 150E5AC11CC4C133006CE46C /* ToDoList */;
			targetProxy = 150E5AD81CC4C133006CE46C /* PBXContainerItemProxy */;
		};
		150E5AE41CC4C133006CE46C /* PBXTargetDependency */ = {
			isa = PBXTargetDependency;
			target = 150E5AC11CC4C133006CE46C /* ToDoList */;
			targetProxy = 150E5AE31CC4C133006CE46C /* PBXContainerItemProxy */;
		};
/* End PBXTargetDependency section */

/* Begin PBXVariantGroup section */
		150E5ACF1CC4C133006CE46C /* LaunchScreen.storyboard */ = {
			isa = PBXVariantGroup;
			children = (
				150E5AD01CC4C133006CE46C /* Base */,
			);
			name = LaunchScreen.storyboard;
			sourceTree = "<group>";
		};
/* End PBXVariantGroup section */

/* Begin XCBuildConfiguration section */
		150E5AE91CC4C133006CE46C /* Debug */ = {
			isa = XCBuildConfiguration;
			buildSettings = {
				ALWAYS_SEARCH_USER_PATHS = NO;
				CLANG_ANALYZER_NONNULL = YES;
				CLANG_CXX_LANGUAGE_STANDARD = "gnu++0x";
				CLANG_CXX_LIBRARY = "libc++";
				CLANG_ENABLE_MODULES = YES;
				CLANG_ENABLE_OBJC_ARC = YES;
				CLANG_WARN_BOOL_CONVERSION = YES;
				CLANG_WARN_CONSTANT_CONVERSION = YES;
				CLANG_WARN_DIRECT_OBJC_ISA_USAGE = YES_ERROR;
				CLANG_WARN_EMPTY_BODY = YES;
				CLANG_WARN_ENUM_CONVERSION = YES;
				CLANG_WARN_INT_CONVERSION = YES;
				CLANG_WARN_OBJC_ROOT_CLASS = YES_ERROR;
				CLANG_WARN_UNREACHABLE_CODE = YES;
				CLANG_WARN__DUPLICATE_METHOD_MATCH = YES;
				"CODE_SIGN_IDENTITY[sdk=iphoneos*]" = "iPhone Developer";
				COPY_PHASE_STRIP = NO;
				DEBUG_INFORMATION_FORMAT = dwarf;
				ENABLE_STRICT_OBJC_MSGSEND = YES;
				ENABLE_TESTABILITY = YES;
				GCC_C_LANGUAGE_STANDARD = gnu99;
				GCC_DYNAMIC_NO_PIC = NO;
				GCC_NO_COMMON_BLOCKS = YES;
				GCC_OPTIMIZATION_LEVEL = 0;
				GCC_PREPROCESSOR_DEFINITIONS = (
					"DEBUG=1",
					"$(inherited)",
				);
				GCC_WARN_64_TO_32_BIT_CONVERSION = YES;
				GCC_WARN_ABOUT_RETURN_TYPE = YES_ERROR;
				GCC_WARN_UNDECLARED_SELECTOR = YES;
				GCC_WARN_UNINITIALIZED_AUTOS = YES_AGGRESSIVE;
				GCC_WARN_UNUSED_FUNCTION = YES;
				GCC_WARN_UNUSED_VARIABLE = YES;
				IPHONEOS_DEPLOYMENT_TARGET = 9.3;
				MTL_ENABLE_DEBUG_INFO = YES;
				ONLY_ACTIVE_ARCH = YES;
				SDKROOT = iphoneos;
			};
			name = Debug;
		};
		150E5AEA1CC4C133006CE46C /* Release */ = {
			isa = XCBuildConfiguration;
			buildSettings = {
				ALWAYS_SEARCH_USER_PATHS = NO;
				CLANG_ANALYZER_NONNULL = YES;
				CLANG_CXX_LANGUAGE_STANDARD = "gnu++0x";
				CLANG_CXX_LIBRARY = "libc++";
				CLANG_ENABLE_MODULES = YES;
				CLANG_ENABLE_OBJC_ARC = YES;
				CLANG_WARN_BOOL_CONVERSION = YES;
				CLANG_WARN_CONSTANT_CONVERSION = YES;
				CLANG_WARN_DIRECT_OBJC_ISA_USAGE = YES_ERROR;
				CLANG_WARN_EMPTY_BODY = YES;
				CLANG_WARN_ENUM_CONVERSION = YES;
				CLANG_WARN_INT_CONVERSION = YES;
				CLANG_WARN_OBJC_ROOT_CLASS = YES_ERROR;
				CLANG_WARN_UNREACHABLE_CODE = YES;
				CLANG_WARN__DUPLICATE_METHOD_MATCH = YES;
				"CODE_SIGN_IDENTITY[sdk=iphoneos*]" = "iPhone Developer";
				COPY_PHASE_STRIP = NO;
				DEBUG_INFORMATION_FORMAT = "dwarf-with-dsym";
				ENABLE_NS_ASSERTIONS = NO;
				ENABLE_STRICT_OBJC_MSGSEND = YES;
				GCC_C_LANGUAGE_STANDARD = gnu99;
				GCC_NO_COMMON_BLOCKS = YES;
				GCC_WARN_64_TO_32_BIT_CONVERSION = YES;
				GCC_WARN_ABOUT_RETURN_TYPE = YES_ERROR;
				GCC_WARN_UNDECLARED_SELECTOR = YES;
				GCC_WARN_UNINITIALIZED_AUTOS = YES_AGGRESSIVE;
				GCC_WARN_UNUSED_FUNCTION = YES;
				GCC_WARN_UNUSED_VARIABLE = YES;
				IPHONEOS_DEPLOYMENT_TARGET = 9.3;
				MTL_ENABLE_DEBUG_INFO = NO;
				SDKROOT = iphoneos;
				VALIDATE_PRODUCT = YES;
			};
			name = Release;
		};
		150E5AEC1CC4C133006CE46C /* Debug */ = {
			isa = XCBuildConfiguration;
			buildSettings = {
				ASSETCATALOG_COMPILER_APPICON_NAME = AppIcon;
				INFOPLIST_FILE = ToDoList/Info.plist;
				LD_RUNPATH_SEARCH_PATHS = "$(inherited) @executable_path/Frameworks";
				PRODUCT_BUNDLE_IDENTIFIER = com.ding.ToDoList;
				PRODUCT_NAME = "$(TARGET_NAME)";
			};
			name = Debug;
		};
		150E5AED1CC4C133006CE46C /* Release */ = {
			isa = XCBuildConfiguration;
			buildSettings = {
				ASSETCATALOG_COMPILER_APPICON_NAME = AppIcon;
				INFOPLIST_FILE = ToDoList/Info.plist;
				LD_RUNPATH_SEARCH_PATHS = "$(inherited) @executable_path/Frameworks";
				PRODUCT_BUNDLE_IDENTIFIER = com.ding.ToDoList;
				PRODUCT_NAME = "$(TARGET_NAME)";
			};
			name = Release;
		};
		150E5AEF1CC4C133006CE46C /* Debug */ = {
			isa = XCBuildConfiguration;
			buildSettings = {
				BUNDLE_LOADER = "$(TEST_HOST)";
				INFOPLIST_FILE = ToDoListTests/Info.plist;
				LD_RUNPATH_SEARCH_PATHS = "$(inherited) @executable_path/Frameworks @loader_path/Frameworks";
				PRODUCT_BUNDLE_IDENTIFIER = com.ding.ToDoListTests;
				PRODUCT_NAME = "$(TARGET_NAME)";
				TEST_HOST = "$(BUILT_PRODUCTS_DIR)/ToDoList.app/ToDoList";
			};
			name = Debug;
		};
		150E5AF01CC4C133006CE46C /* Release */ = {
			isa = XCBuildConfiguration;
			buildSettings = {
				BUNDLE_LOADER = "$(TEST_HOST)";
				INFOPLIST_FILE = ToDoListTests/Info.plist;
				LD_RUNPATH_SEARCH_PATHS = "$(inherited) @executable_path/Frameworks @loader_path/Frameworks";
				PRODUCT_BUNDLE_IDENTIFIER = com.ding.ToDoListTests;
				PRODUCT_NAME = "$(TARGET_NAME)";
				TEST_HOST = "$(BUILT_PRODUCTS_DIR)/ToDoList.app/ToDoList";
			};
			name = Release;
		};
		150E5AF21CC4C133006CE46C /* Debug */ = {
			isa = XCBuildConfiguration;
			buildSettings = {
				INFOPLIST_FILE = ToDoListUITests/Info.plist;
				LD_RUNPATH_SEARCH_PATHS = "$(inherited) @executable_path/Frameworks @loader_path/Frameworks";
				PRODUCT_BUNDLE_IDENTIFIER = com.ding.ToDoListUITests;
				PRODUCT_NAME = "$(TARGET_NAME)";
				TEST_TARGET_NAME = ToDoList;
			};
			name = Debug;
		};
		150E5AF31CC4C133006CE46C /* Release */ = {
			isa = XCBuildConfiguration;
			buildSettings = {
				INFOPLIST_FILE = ToDoListUITests/Info.plist;
				LD_RUNPATH_SEARCH_PATHS = "$(inherited) @executable_path/Frameworks @loader_path/Frameworks";
				PRODUCT_BUNDLE_IDENTIFIER = com.ding.ToDoListUITests;
				PRODUCT_NAME = "$(TARGET_NAME)";
				TEST_TARGET_NAME = ToDoList;
			};
			name = Release;
		};
/* End XCBuildConfiguration section */

/* Begin XCConfigurationList section */
		150E5ABD1CC4C133006CE46C /* Build configuration list for PBXProject "ToDoList" */ = {
			isa = XCConfigurationList;
			buildConfigurations = (
				150E5AE91CC4C133006CE46C /* Debug */,
				150E5AEA1CC4C133006CE46C /* Release */,
			);
			defaultConfigurationIsVisible = 0;
			defaultConfigurationName = Release;
		};
		150E5AEB1CC4C133006CE46C /* Build configuration list for PBXNativeTarget "ToDoList" */ = {
			isa = XCConfigurationList;
			buildConfigurations = (
				150E5AEC1CC4C133006CE46C /* Debug */,
				150E5AED1CC4C133006CE46C /* Release */,
			);
			defaultConfigurationIsVisible = 0;
		};
		150E5AEE1CC4C133006CE46C /* Build configuration list for PBXNativeTarget "ToDoListTests" */ = {
			isa = XCConfigurationList;
			buildConfigurations = (
				150E5AEF1CC4C133006CE46C /* Debug */,
				150E5AF01CC4C133006CE46C /* Release */,
			);
			defaultConfigurationIsVisible = 0;
		};
		150E5AF11CC4C133006CE46C /* Build configuration list for PBXNativeTarget "ToDoListUITests" */ = {
			isa = XCConfigurationList;
			buildConfigurations = (
				150E5AF21CC4C133006CE46C /* Debug */,
				150E5AF31CC4C133006CE46C /* Release */,
			);
			defaultConfigurationIsVisible = 0;
		};
/* End XCConfigurationList section */
	};
	rootObject = 150E5ABA1CC4C133006CE46C /* Project object */;
}
